
Microsoft Visual Studio Solution File, Format Version 12.00
# Visual Studio Version 17
VisualStudioVersion = 17.1.32421.90
MinimumVisualStudioVersion = 10.0.40219.1
Project("{9A19103F-16F7-4668-BE54-9A1E7A4F7556}") = "ModificationDetector", "ModificationDetector\ModificationDetector.csproj", "{FA26DD47-5DA5-49B0-B849-73BA4C3C7D91}"
EndProject
Project("{9A19103F-16F7-4668-BE54-9A1E7A4F7556}") = "ModificationDetectorTests", "ModificationDetectorTests\ModificationDetectorTests.csproj", "{AE3AD4CC-3401-4B98-A989-DFBEA5C25DB4}"
EndProject
Project("{FAE04EC0-301F-11D3-BF4B-00C04F79EFBC}") = "ModificationDetectorSample", "ModificationDetectorSample\ModificationDetectorSample.csproj", "{1DED6100-D1F6-4101-8013-14E8D7A0A8E8}"
	ProjectSection(ProjectDependencies) = postProject
		{FA26DD47-5DA5-49B0-B849-73BA4C3C7D91} = {FA26DD47-5DA5-49B0-B849-73BA4C3C7D91}
	EndProjectSection
EndProject
Global
	GlobalSection(SolutionConfigurationPlatforms) = preSolution
		Debug|Any CPU = Debug|Any CPU
		Release|Any CPU = Release|Any CPU
	EndGlobalSection
	GlobalSection(ProjectConfigurationPlatforms) = postSolution
		{FA26DD47-5DA5-49B0-B849-73BA4C3C7D91}.Debug|Any CPU.ActiveCfg = Debug|Any CPU
		{FA26DD47-5DA5-49B0-B849-73BA4C3C7D91}.Debug|Any CPU.Build.0 = Debug|Any CPU
		{FA26DD47-5DA5-49B0-B849-73BA4C3C7D91}.Release|Any CPU.ActiveCfg = Release|Any CPU
		{FA26DD47-5DA5-49B0-B849-73BA4C3C7D91}.Release|Any CPU.Build.0 = Release|Any CPU
		{AE3AD4CC-3401-4B98-A989-DFBEA5C25DB4}.Debug|Any CPU.ActiveCfg = Debug|Any CPU
		{AE3AD4CC-3401-4B98-A989-DFBEA5C25DB4}.Debug|Any CPU.Build.0 = Debug|Any CPU
		{AE3AD4CC-3401-4B98-A989-DFBEA5C25DB4}.Release|Any CPU.ActiveCfg = Release|Any CPU
		{AE3AD4CC-3401-4B98-A989-DFBEA5C25DB4}.Release|Any CPU.Build.0 = Release|Any CPU
		{1DED6100-D1F6-4101-8013-14E8D7A0A8E8}.Debug|Any CPU.ActiveCfg = Debug|Any CPU
		{1DED6100-D1F6-4101-8013-14E8D7A0A8E8}.Debug|Any CPU.Build.0 = Debug|Any CPU
		{1DED6100-D1F6-4101-8013-14E8D7A0A8E8}.Release|Any CPU.ActiveCfg = Release|Any CPU
		{1DED6100-D1F6-4101-8013-14E8D7A0A8E8}.Release|Any CPU.Build.0 = Release|Any CPU
	EndGlobalSection
	GlobalSection(SolutionProperties) = preSolution
		HideSolutionNode = FALSE
	EndGlobalSection
	GlobalSection(ExtensibilityGlobals) = postSolution
		SolutionGuid = {C72D6056-416F-4CE9-BA96-656D3AC5B33B}
	EndGlobalSection
EndGlobal
